<Solution>
  <Configurations>
    <Platform Name="Any CPU" />
    <Platform Name="x64" />
    <Platform Name="x86" />
  </Configurations>
  <Project Path="Radiant/Radiant.csproj" />
  <Project Path="Radiant.Tests/Radiant.Tests.csproj" />
  <Project Path="Radiant.Host/Radiant.Host.csproj" />
  <Project Path="Radiant.Host.Tests/Radiant.Host.Tests.csproj" />
  <Project Path="Radiant.Host.Ipc/Radiant.Host.Ipc.csproj" />
  <Project Path="Radiant.Host.Ipc.Tests/Radiant.Host.Ipc.Tests.csproj" />
  <Project Path="Radiant.Host.AgentControlProtocol/Radiant.Host.AgentControlProtocol.csproj" />
  <Project Path="Radiant.Host.AgentControlProtocol.Tests/Radiant.Host.AgentControlProtocol.Tests.csproj" />
  <Project Path="Radiant.ColorSystem/Radiant.ColorSystem.csproj" />
  <Project Path="Radiant.ColorSystem.Tests/Radiant.ColorSystem.Tests.csproj" />
  <Project Path="Radiant.Text/Radiant.Text.csproj" />
  <Project Path="Radiant.Text.Tests/Radiant.Text.Tests.csproj" />
  <Project Path="Radiant.UI.Core/Radiant.UI.Core.csproj" />
  <Project Path="Radiant.UI.Core.Tests/Radiant.UI.Core.Tests.csproj" />
  <Project Path="Radiant.UI.Automation/Radiant.UI.Automation.csproj" />
  <Project Path="Radiant.UI.Driver/Radiant.UI.Driver.csproj" />
  <Project Path="Radiant.UI.Driver.MSTest/Radiant.UI.Driver.MSTest.csproj" />
  <Project Path="Radiant.UI.Automation.Tests/Radiant.UI.Automation.Tests.csproj" />
  <Project Path="Radiant.AgentCli/Radiant.AgentCli.csproj" />
  <Project Path="Radiant.Generators/Radiant.Generators.csproj" />
  <Project Path="Radiant.Generators.Tests/Radiant.Generators.Tests.csproj" />
  <Project Path="Radiant.Theming/Radiant.Theming.csproj" />
  <Project Path="Radiant.Theming.Tests/Radiant.Theming.Tests.csproj" />
  <Project Path="Radiant.Testing/Radiant.Testing.csproj" />
  <Project Path="Radiant.Testing.Tests/Radiant.Testing.Tests.csproj" />
  <Project Path="Radiant.Components/Radiant.Components.csproj" />
  <Project Path="Radiant.Components.Tests/Radiant.Components.Tests.csproj" />
  <Project Path="Radiant.Templates.Tests/Radiant.Templates.Tests.csproj" />
  <Project Path="Radiant.Platform/Radiant.Platform.csproj" />
  <Project Path="Radiant.Platform.Tests/Radiant.Platform.Tests.csproj" />
  <Project Path="Radiant.Platform.MacOS/Radiant.Platform.MacOS.csproj" />
  <Project Path="Radiant.Platform.MacOS.Tests/Radiant.Platform.MacOS.Tests.csproj" />
  <Project Path="PlatformCheck/PlatformCheck.csproj" />
  <Project Path="Radiant.Templates/Radiant.Templates.csproj" />
  <Project Path="Radiant.Gallery/Radiant.Gallery.csproj" />
  <Project Path="RadiantCli/RadiantCli.csproj" />
  <Project Path="MsdfBaker/MsdfBaker.csproj" />
</Solution>
