<Solution>
  <Configurations>
    <Platform Name="Any CPU" />
    <Platform Name="x64" />
    <Platform Name="x86" />
  </Configurations>
  <Project Path="Radiant/Radiant.csproj" />
  <Project Path="Radiant.Tests/Radiant.Tests.csproj" />
  <Project Path="Yoga.Net/Yoga.Net.csproj" />
  <Project Path="Yoga.Net.Tests/Yoga.Net.Tests.csproj" />
  <Project Path="RadiantCli/RadiantCli.csproj" />
  <Project Path="MsdfBaker/MsdfBaker.csproj" />
</Solution>
